github.com/gethugothemes/hugo-modules/components/render-link v0.0.0-20221208071832-18bcaca7fcfe h1:2X3zO0jWKwU47TseKfe94EXeZ92PvTEza/DOFC87q+k=
github.com/gethugothemes/hugo-modules/components/render-link v0.0.0-20221208071832-18bcaca7fcfe/go.mod h1:+TDlxJ8OIYePBAcGVJVBXjEtawfvXU6ulU8w4LEgyOI=
github.com/gethugothemes/hugo-modules/gzip-caching v0.0.0-20221208071832-18bcaca7fcfe h1:tf6u/PFH4NQS1WU+qn2CYActKiH9cTg3A3WY+5CQ6Nk=
github.com/gethugothemes/hugo-modules/gzip-caching v0.0.0-20221208071832-18bcaca7fcfe/go.mod h1:L6OgQZzB2qmj5499M4XSAvUXKG/vo6Sgmyaosjsjj84=
github.com/gethugothemes/hugo-modules/icons/font-awesome v0.0.0-20221208071832-18bcaca7fcfe h1:LRVJ0mfGSpy0T5TSHPgb9D21oURLWDbG0N1Fvs4KDLw=
github.com/gethugothemes/hugo-modules/icons/font-awesome v0.0.0-20221208071832-18bcaca7fcfe/go.mod h1:6oWFTnmfHxtDU3t6Wj4d4lmvBg/cZLb1l5CpnfOiS0c=
github.com/gethugothemes/hugo-modules/images v0.0.0-20221208071832-18bcaca7fcfe h1:4YuNTocGSjObBQfxg08krUJvhhUrka8mnkl0dUAblKE=
github.com/gethugothemes/hugo-modules/images v0.0.0-20221208071832-18bcaca7fcfe/go.mod h1:kmJnNFAQo/bls1U8QpUD99FSB0ZqaiLI0NoxNIWBqg0=
github.com/gethugothemes/hugo-modules/pwa v0.0.0-20221208071832-18bcaca7fcfe h1:+RzuV7ctZMmkPAogoQ+TMdKJcqwuRBI6GQRTXhMCC7Q=
github.com/gethugothemes/hugo-modules/pwa v0.0.0-20221208071832-18bcaca7fcfe/go.mod h1:Md7tUKcLT/eGRi4OTKpi3AxHxZJULdDFUL/VOAMZe24=
github.com/gethugothemes/hugo-modules/seo-tools/basic-seo v0.0.0-20221208071832-18bcaca7fcfe h1:5rQlFqFBc22w3jWqSFsn6jrcgng5IoLgSKlNUa7VFko=
github.com/gethugothemes/hugo-modules/seo-tools/basic-seo v0.0.0-20221208071832-18bcaca7fcfe/go.mod h1:1NoEXD4ibH6gAzyS4HwJqc6nXoQYUJBMpCfWdQzzm8A=
github.com/gethugothemes/hugo-modules/seo-tools/google-tag-manager v0.0.0-20221208071832-18bcaca7fcfe h1:Gxcu1iBgrAmb060ctiSQRNFEvfcw5w8fKct1IhW52iI=
github.com/gethugothemes/hugo-modules/seo-tools/google-tag-manager v0.0.0-20221208071832-18bcaca7fcfe/go.mod h1:zORKJDYM+W1S7BL3OD7vB/W3skoJzDude5wSS7xh7u4=
github.com/gethugothemes/hugo-modules/seo-tools/site-verifications v0.0.0-20221208071832-18bcaca7fcfe h1:dDr/y52D/QMLgJuQ70tahlkJ61Srd2F6dqGuqY6afl8=
github.com/gethugothemes/hugo-modules/seo-tools/site-verifications v0.0.0-20221208071832-18bcaca7fcfe/go.mod h1:tHubpePaBJfKBbNA4TVluIFU6a8XnnR+PaTScpfZE2w=
github.com/gethugothemes/hugo-modules/shortcodes/buttons v0.0.0-20221208071832-18bcaca7fcfe h1:Iz5jufNoryyCzj3tB2mpSmy88qhoZMMlDVOzvZ4xA9E=
github.com/gethugothemes/hugo-modules/shortcodes/buttons v0.0.0-20221208071832-18bcaca7fcfe/go.mod h1:4KE94YGEyfAHgYJKmQhHVm4U6zF8udSNr0AyeAU1oCU=
github.com/gethugothemes/hugo-modules/shortcodes/collapse v0.0.0-20221208071832-18bcaca7fcfe h1:PvYVh3DFwTX11lo78Iq6DWAUEXw/RaYCokDCKiZ9l24=
github.com/gethugothemes/hugo-modules/shortcodes/collapse v0.0.0-20221208071832-18bcaca7fcfe/go.mod h1:9Bq8rrzsHP0H4cnlGh9Jgx+Y+iof1+7CWK/a3nImHCc=
github.com/gethugothemes/hugo-modules/shortcodes/image v0.0.0-20221208071832-18bcaca7fcfe h1:3gj7nIHWP01aGuhhxHuYtrPKsniSM3AbbVFun/f+q6A=
github.com/gethugothemes/hugo-modules/shortcodes/image v0.0.0-20221208071832-18bcaca7fcfe/go.mod h1:HQLF/WH52nSjSIo3DeztUZ+wLj+UlgeR2dwgtE2EqUg=
github.com/gethugothemes/hugo-modules/shortcodes/notice v0.0.0-20221208071832-18bcaca7fcfe h1:ixcyQ5/r9r/PlLQBEwzKN6l+WLBKXygRLcXvV3eEXnU=
github.com/gethugothemes/hugo-modules/shortcodes/notice v0.0.0-20221208071832-18bcaca7fcfe/go.mod h1:n2yAJO6bRpUQ1KDyTZhYeL+0p18gslzqFaDjzDxUeyk=
github.com/gethugothemes/hugo-modules/shortcodes/table-of-contents v0.0.0-20221208071832-18bcaca7fcfe h1:X0Ila5LTYoKc5pNARvIVYhplpUtH2qk6yy+fTb1xqls=
github.com/gethugothemes/hugo-modules/shortcodes/table-of-contents v0.0.0-20221208071832-18bcaca7fcfe/go.mod h1:E23tqmkeXRMR8IU8hTpG2oPM23MqV2FvCMcR1Xhg7nk=
github.com/gethugothemes/hugo-modules/shortcodes/tabs v0.0.0-20221208071832-18bcaca7fcfe h1:WMGSgNwD8/M3mZ+4azpK2Lcs52qnzRa3xOzYDJ0nhFY=
github.com/gethugothemes/hugo-modules/shortcodes/tabs v0.0.0-20221208071832-18bcaca7fcfe/go.mod h1:1GbDNUufvDpQkk91HLfNsY041+1Y8q64ZJRNwreUhzY=
github.com/gohugoio/hugo-mod-bootstrap-scss/v5 v5.20200.20100 h1:YfBUWb8p0QBkMjabA6bFhhzwbz37SBVW7b7OUCFgZUE=
github.com/gohugoio/hugo-mod-bootstrap-scss/v5 v5.20200.20100/go.mod h1:Z5Bhe4pfn8reoHhWqCQMWEAynLCIeBAt1TDwni4fipM=
github.com/gohugoio/hugo-mod-jslibs-dist/popperjs/v2 v2.21100.20000/go.mod h1:mFberT6ZtcchrsDtfvJM7aAH2bDKLdOnruUHl0hlapI=
github.com/twbs/bootstrap v5.2.1+incompatible/go.mod h1:fZTSrkpSf0/HkL0IIJzvVspTt1r9zuf7XlZau8kpcY0=
